
Microsoft Visual Studio Solution File, Format Version 12.00
# Visual Studio Version 17
VisualStudioVersion = 17.8.34525.116
MinimumVisualStudioVersion = 10.0.40219.1
Project("{FAE04EC0-301F-11D3-BF4B-00C04F79EFBC}") = "OnlineBookStore", "OnlineBookStore.csproj", "{D4C00B09-7F73-4495-8C10-7E5E254EF855}"
EndProject
Global
	GlobalSection(SolutionConfigurationPlatforms) = preSolution
		Debug|Any CPU = Debug|Any CPU
		Release|Any CPU = Release|Any CPU
	EndGlobalSection
	GlobalSection(ProjectConfigurationPlatforms) = postSolution
		{D4C00B09-7F73-4495-8C10-7E5E254EF855}.Debug|Any CPU.ActiveCfg = Debug|Any CPU
		{D4C00B09-7F73-4495-8C10-7E5E254EF855}.Debug|Any CPU.Build.0 = Debug|Any CPU
		{D4C00B09-7F73-4495-8C10-7E5E254EF855}.Release|Any CPU.ActiveCfg = Release|Any CPU
		{D4C00B09-7F73-4495-8C10-7E5E254EF855}.Release|Any CPU.Build.0 = Release|Any CPU
	EndGlobalSection
	GlobalSection(SolutionProperties) = preSolution
		HideSolutionNode = FALSE
	EndGlobalSection
	GlobalSection(ExtensibilityGlobals) = postSolution
		SolutionGuid = {3D923579-33D9-4C01-8EBA-F8B0A0B9B4A3}
	EndGlobalSection
EndGlobal
